Microsoft Visual Studio Solution File, Format Version 12.00
# Visual Studio Version 17
VisualStudioVersion = 17.5.2.0
MinimumVisualStudioVersion = 10.0.40219.1
Project("{FAE04EC0-301F-11D3-BF4B-00C04F79EFBC}") = "ESaat", "ESaat.csproj", "{B627E188-1ED4-41F0-1F7F-2BCBF774C021}"
EndProject
Global
	GlobalSection(SolutionConfigurationPlatforms) = preSolution
		Debug|Any CPU = Debug|Any CPU
		Release|Any CPU = Release|Any CPU
	EndGlobalSection
	GlobalSection(ProjectConfigurationPlatforms) = postSolution
		{B627E188-1ED4-41F0-1F7F-2BCBF774C021}.Debug|Any CPU.ActiveCfg = Debug|Any CPU
		{B627E188-1ED4-41F0-1F7F-2BCBF774C021}.Debug|Any CPU.Build.0 = Debug|Any CPU
		{B627E188-1ED4-41F0-1F7F-2BCBF774C021}.Release|Any CPU.ActiveCfg = Release|Any CPU
		{B627E188-1ED4-41F0-1F7F-2BCBF774C021}.Release|Any CPU.Build.0 = Release|Any CPU
	EndGlobalSection
	GlobalSection(SolutionProperties) = preSolution
		HideSolutionNode = FALSE
	EndGlobalSection
	GlobalSection(ExtensibilityGlobals) = postSolution
		SolutionGuid = {FBC9C849-4AD8-46E6-8174-8232ED2EB668}
	EndGlobalSection
EndGlobal
